
Microsoft Visual Studio Solution File, Format Version 12.00
# Visual Studio Version 16
VisualStudioVersion = 16.0.32002.261
MinimumVisualStudioVersion = 10.0.40219.1
Project("{FAE04EC0-301F-11D3-BF4B-00C04F79EFBC}") = "ConsoleLab18_1", "ConsoleLab18_1\ConsoleLab18_1.csproj", "{B421C461-43B7-492A-A54D-BBCBC66DD439}"
EndProject
Global
	GlobalSection(SolutionConfigurationPlatforms) = preSolution
		Debug|Any CPU = Debug|Any CPU
		Release|Any CPU = Release|Any CPU
	EndGlobalSection
	GlobalSection(ProjectConfigurationPlatforms) = postSolution
		{B421C461-43B7-492A-A54D-BBCBC66DD439}.Debug|Any CPU.ActiveCfg = Debug|Any CPU
		{B421C461-43B7-492A-A54D-BBCBC66DD439}.Debug|Any CPU.Build.0 = Debug|Any CPU
		{B421C461-43B7-492A-A54D-BBCBC66DD439}.Release|Any CPU.ActiveCfg = Release|Any CPU
		{B421C461-43B7-492A-A54D-BBCBC66DD439}.Release|Any CPU.Build.0 = Release|Any CPU
	EndGlobalSection
	GlobalSection(SolutionProperties) = preSolution
		HideSolutionNode = FALSE
	EndGlobalSection
	GlobalSection(ExtensibilityGlobals) = postSolution
		SolutionGuid = {8EA0A6A8-61DB-4AB7-AD27-75B9A921D97E}
	EndGlobalSection
EndGlobal
